
Microsoft Visual Studio Solution File, Format Version 12.00
# Visual Studio Version 16
VisualStudioVersion = 16.0.29123.88
MinimumVisualStudioVersion = 10.0.40219.1
Project("{2150E333-8FDC-42A3-9474-1A3956D46DE8}") = "Examples", "Examples", "{E7F15A7C-80B8-42CD-8609-1FAB0657BC92}"
EndProject
Project("{2150E333-8FDC-42A3-9474-1A3956D46DE8}") = "Permutation", "Permutation", "{4E83759B-4F7F-4DC9-A44D-5F07B93331DF}"
EndProject
Project("{2150E333-8FDC-42A3-9474-1A3956D46DE8}") = "Combination", "Combination", "{7191C314-D333-41B0-86E5-DB7D251F84BB}"
EndProject
Project("{2150E333-8FDC-42A3-9474-1A3956D46DE8}") = "Multicombination", "Multicombination", "{78746592-084C-4DD4-B53A-414220933BA1}"
EndProject
Project("{2150E333-8FDC-42A3-9474-1A3956D46DE8}") = "Product", "Product", "{3666D332-7A9C-47A6-931A-4C6A57EB1B2D}"
EndProject
Project("{2150E333-8FDC-42A3-9474-1A3956D46DE8}") = "Queens", "Queens", "{CB353C04-4C0E-4A7C-97C6-6DB9C04842D4}"
EndProject
Project("{2150E333-8FDC-42A3-9474-1A3956D46DE8}") = "Bench", "Bench", "{A4E3380B-0B8B-4F0A-B158-E2F9F35AF89C}"
EndProject
Project("{FAE04EC0-301F-11D3-BF4B-00C04F79EFBC}") = "BinCoBench01", "Bench\BinCoBench01\BinCoBench01.csproj", "{B84FFF86-0F97-4845-B09C-4704C033C48A}"
EndProject
Project("{9A19103F-16F7-4668-BE54-9A1E7A4F7556}") = "Combinatorics", "Combinatorics\Combinatorics.csproj", "{C95FE743-22DF-475C-92F9-6DAEA6900B85}"
EndProject
Project("{FAE04EC0-301F-11D3-BF4B-00C04F79EFBC}") = "CnExample05", "Examples\Combination\CnExample05\CnExample05.csproj", "{A6786BB8-E92D-422C-94C7-CF64CA95C161}"
EndProject
Project("{FAE04EC0-301F-11D3-BF4B-00C04F79EFBC}") = "CnExample04", "Examples\Combination\CnExample04\CnExample04.csproj", "{3B01FC9F-106C-4B30-9765-209D68519514}"
EndProject
Project("{FAE04EC0-301F-11D3-BF4B-00C04F79EFBC}") = "CnExample03", "Examples\Combination\CnExample03\CnExample03.csproj", "{7B3042B7-CBB1-493F-884F-3DB34D8B3CAB}"
EndProject
Project("{FAE04EC0-301F-11D3-BF4B-00C04F79EFBC}") = "CnExample02", "Examples\Combination\CnExample02\CnExample02.csproj", "{3DC11A0E-52F3-4EC8-89F5-DBC80BF8DD68}"
EndProject
Project("{FAE04EC0-301F-11D3-BF4B-00C04F79EFBC}") = "CnExample01", "Examples\Combination\CnExample01\CnExample01.csproj", "{14E11E84-C6D7-44CB-99DA-9128D6D8884C}"
EndProject
Project("{FAE04EC0-301F-11D3-BF4B-00C04F79EFBC}") = "McExample05", "Examples\Multicombination\McExample05\McExample05.csproj", "{2C14AB00-B335-4F2A-A445-31231126A81B}"
EndProject
Project("{FAE04EC0-301F-11D3-BF4B-00C04F79EFBC}") = "McExample04", "Examples\Multicombination\McExample04\McExample04.csproj", "{2DB85A13-7411-40FD-AAF3-1D2774255ADA}"
EndProject
Project("{FAE04EC0-301F-11D3-BF4B-00C04F79EFBC}") = "McExample03", "Examples\Multicombination\McExample03\McExample03.csproj", "{D1A30832-0115-4AD8-986D-5D72A298F514}"
EndProject
Project("{FAE04EC0-301F-11D3-BF4B-00C04F79EFBC}") = "McExample02", "Examples\Multicombination\McExample02\McExample02.csproj", "{BD9D5B10-DB72-450D-8334-D0ABDFB5A1B6}"
EndProject
Project("{FAE04EC0-301F-11D3-BF4B-00C04F79EFBC}") = "McExample01", "Examples\Multicombination\McExample01\McExample01.csproj", "{476990B9-C144-49CC-B5F2-F61DEBB9470B}"
EndProject
Project("{FAE04EC0-301F-11D3-BF4B-00C04F79EFBC}") = "PnExample07", "Examples\Permutation\PnExample07\PnExample07.csproj", "{69EC47E5-F44E-4630-8D31-81189B21B98E}"
EndProject
Project("{FAE04EC0-301F-11D3-BF4B-00C04F79EFBC}") = "PnExample06", "Examples\Permutation\PnExample06\PnExample06.csproj", "{8C826297-6DA0-456C-9C66-CA6067EC8FFA}"
EndProject
Project("{FAE04EC0-301F-11D3-BF4B-00C04F79EFBC}") = "PnExample05", "Examples\Permutation\PnExample05\PnExample05.csproj", "{107DDE75-D993-46C5-B3A6-C7CA93BEAD42}"
EndProject
Project("{FAE04EC0-301F-11D3-BF4B-00C04F79EFBC}") = "PnExample04", "Examples\Permutation\PnExample04\PnExample04.csproj", "{F850F58E-3D9D-4FD0-B559-A88D0DA9B336}"
EndProject
Project("{FAE04EC0-301F-11D3-BF4B-00C04F79EFBC}") = "PnExample03", "Examples\Permutation\PnExample03\PnExample03.csproj", "{797FC998-8D82-411C-B0F9-6D869974F406}"
EndProject
Project("{FAE04EC0-301F-11D3-BF4B-00C04F79EFBC}") = "PnExample02", "Examples\Permutation\PnExample02\PnExample02.csproj", "{4D16BC9B-5593-4478-8B71-4C9B5947DFED}"
EndProject
Project("{FAE04EC0-301F-11D3-BF4B-00C04F79EFBC}") = "PnExample01", "Examples\Permutation\PnExample01\PnExample01.csproj", "{DDF43CBD-CFFB-4241-AE96-A414C9A45FDB}"
EndProject
Project("{FAE04EC0-301F-11D3-BF4B-00C04F79EFBC}") = "PtExample05", "Examples\Product\PtExample05\PtExample05.csproj", "{9F019E3D-10C2-4698-9D11-40A0AEB94FF4}"
EndProject
Project("{FAE04EC0-301F-11D3-BF4B-00C04F79EFBC}") = "PtExample04", "Examples\Product\PtExample04\PtExample04.csproj", "{F871DD46-39B1-4775-8D6F-5CF6825B43F6}"
EndProject
Project("{FAE04EC0-301F-11D3-BF4B-00C04F79EFBC}") = "PtExample03", "Examples\Product\PtExample03\PtExample03.csproj", "{23C150EA-DC2B-4682-96D6-3C0807341C91}"
EndProject
Project("{FAE04EC0-301F-11D3-BF4B-00C04F79EFBC}") = "PtExample02", "Examples\Product\PtExample02\PtExample02.csproj", "{FE76BF35-AA2A-4D42-A6EC-E88E2FEDADFF}"
EndProject
Project("{FAE04EC0-301F-11D3-BF4B-00C04F79EFBC}") = "PtExample01", "Examples\Product\PtExample01\PtExample01.csproj", "{DFFF8D7F-23DD-485B-87B9-B6E8E5F20CFB}"
EndProject
Project("{FAE04EC0-301F-11D3-BF4B-00C04F79EFBC}") = "PnBacktrack", "Examples\Queens\PnBacktrack\PnBacktrack.csproj", "{D5FA2EC4-6899-4CCB-8859-D36C972EC8F6}"
EndProject
Project("{FAE04EC0-301F-11D3-BF4B-00C04F79EFBC}") = "PtBruteForceSlim", "Examples\Queens\PtBruteForceSlim\PtBruteForceSlim.csproj", "{49EDEC46-7069-43A4-B260-B6E06C9AA60F}"
EndProject
Project("{FAE04EC0-301F-11D3-BF4B-00C04F79EFBC}") = "PtBruteForce", "Examples\Queens\PtBruteForce\PtBruteForce.csproj", "{A2B64E9E-CA34-4B6A-9661-E192B6EAF7CA}"
EndProject
Project("{FAE04EC0-301F-11D3-BF4B-00C04F79EFBC}") = "PnRooksFirst", "Examples\Queens\PnRooksFirst\PnRooksFirst.csproj", "{A7E2D14A-D8FD-454E-B3B1-D43B46C19D38}"
EndProject
Project("{FAE04EC0-301F-11D3-BF4B-00C04F79EFBC}") = "PnRooksFirstSlim", "Examples\Queens\PnRooksFirstSlim\PnRooksFirstSlim.csproj", "{E8F56AF2-EB47-4FFA-BA82-80981053F201}"
EndProject
Project("{FAE04EC0-301F-11D3-BF4B-00C04F79EFBC}") = "PnBacktrackSlim", "Examples\Queens\PnBacktrackSlim\PnBacktrackSlim.csproj", "{38BECC28-C1A7-49CD-8315-144DA842E50D}"
EndProject
Project("{FAE04EC0-301F-11D3-BF4B-00C04F79EFBC}") = "CnLudicrous", "Examples\Queens\CnLudicrous\CnLudicrous.csproj", "{EFEBD06E-40B0-40AA-9A30-EBF9EE8C2EA0}"
EndProject
Project("{7CF6DF6D-3B04-46F8-A40B-537D21BCA0B4}") = "Help", "Help\Help.shfbproj", "{4C7A3553-E6BB-46FB-BFBC-76D0F5CAAE7A}"
EndProject
Project("{FAE04EC0-301F-11D3-BF4B-00C04F79EFBC}") = "ConFull400", "Bench\ConFull400\ConFull400.csproj", "{55E31108-49D3-49E2-935E-64FE8EEDA1A8}"
EndProject
Project("{9A19103F-16F7-4668-BE54-9A1E7A4F7556}") = "ConCore", "Bench\ConCore\ConCore.csproj", "{2EDA1CF4-600E-49D3-B8BC-E6488B0135E7}"
EndProject
Project("{2150E333-8FDC-42A3-9474-1A3956D46DE8}") = "Images", "Images", "{86ACCB1D-B00D-4E9C-8C90-FCDD12D1D50D}"
	ProjectSection(SolutionItems) = preProject
		Images\KaosCombinatorics-064.png = Images\KaosCombinatorics-064.png
		Images\KaosCombinatorics-256.png = Images\KaosCombinatorics-256.png
		Images\KaosCombinatorics.svg = Images\KaosCombinatorics.svg
	EndProjectSection
EndProject
Project("{2150E333-8FDC-42A3-9474-1A3956D46DE8}") = "Source", "Source", "{E835685C-5C46-482B-AB7B-C7EDEE82771E}"
EndProject
Project("{D954291E-2A0B-460D-934E-DC6B0785DB48}") = "KaosCombinatorics", "Source\KaosCombinatorics\KaosCombinatorics.shproj", "{70047566-8A60-46F6-950F-079930F569B7}"
EndProject
Project("{54435603-DBB4-11D2-8724-00A0C9A8B90C}") = "Install", "Install\Install.vdproj", "{67BF1FE9-BFD8-4458-B1F8-13EC18923CA3}"
EndProject
Project("{9A19103F-16F7-4668-BE54-9A1E7A4F7556}") = "TestCore", "TestCore\TestCore.csproj", "{A8AECC34-0EB1-4914-8579-ACF7B24FC395}"
EndProject
Project("{D954291E-2A0B-460D-934E-DC6B0785DB48}") = "KaosTestCombinatorics", "KaosTestCombinatorics\KaosTestCombinatorics.shproj", "{C23BCD47-D5B6-4FFF-8E9C-16CD2BB36E68}"
EndProject
Global
	GlobalSection(SharedMSBuildProjectFiles) = preSolution
		Source\KaosCombinatorics\KaosCombinatorics.projitems*{70047566-8a60-46f6-950f-079930f569b7}*SharedItemsImports = 13
		KaosTestCombinatorics\KaosTestCombinatorics.projitems*{a8aecc34-0eb1-4914-8579-acf7b24fc395}*SharedItemsImports = 5
		KaosTestCombinatorics\KaosTestCombinatorics.projitems*{c23bcd47-d5b6-4fff-8e9c-16cd2bb36e68}*SharedItemsImports = 13
		Source\KaosCombinatorics\KaosCombinatorics.projitems*{c95fe743-22df-475c-92f9-6daea6900b85}*SharedItemsImports = 5
	EndGlobalSection
	GlobalSection(SolutionConfigurationPlatforms) = preSolution
		Debug|Any CPU = Debug|Any CPU
		Release|Any CPU = Release|Any CPU
	EndGlobalSection
	GlobalSection(ProjectConfigurationPlatforms) = postSolution
		{B84FFF86-0F97-4845-B09C-4704C033C48A}.Debug|Any CPU.ActiveCfg = Debug|Any CPU
		{B84FFF86-0F97-4845-B09C-4704C033C48A}.Debug|Any CPU.Build.0 = Debug|Any CPU
		{B84FFF86-0F97-4845-B09C-4704C033C48A}.Release|Any CPU.ActiveCfg = Release|Any CPU
		{B84FFF86-0F97-4845-B09C-4704C033C48A}.Release|Any CPU.Build.0 = Release|Any CPU
		{C95FE743-22DF-475C-92F9-6DAEA6900B85}.Debug|Any CPU.ActiveCfg = Debug|Any CPU
		{C95FE743-22DF-475C-92F9-6DAEA6900B85}.Debug|Any CPU.Build.0 = Debug|Any CPU
		{C95FE743-22DF-475C-92F9-6DAEA6900B85}.Release|Any CPU.ActiveCfg = Release|Any CPU
		{C95FE743-22DF-475C-92F9-6DAEA6900B85}.Release|Any CPU.Build.0 = Release|Any CPU
		{A6786BB8-E92D-422C-94C7-CF64CA95C161}.Debug|Any CPU.ActiveCfg = Debug|Any CPU
		{A6786BB8-E92D-422C-94C7-CF64CA95C161}.Debug|Any CPU.Build.0 = Debug|Any CPU
		{A6786BB8-E92D-422C-94C7-CF64CA95C161}.Release|Any CPU.ActiveCfg = Release|Any CPU
		{A6786BB8-E92D-422C-94C7-CF64CA95C161}.Release|Any CPU.Build.0 = Release|Any CPU
		{3B01FC9F-106C-4B30-9765-209D68519514}.Debug|Any CPU.ActiveCfg = Debug|Any CPU
		{3B01FC9F-106C-4B30-9765-209D68519514}.Debug|Any CPU.Build.0 = Debug|Any CPU
		{3B01FC9F-106C-4B30-9765-209D68519514}.Release|Any CPU.ActiveCfg = Release|Any CPU
		{3B01FC9F-106C-4B30-9765-209D68519514}.Release|Any CPU.Build.0 = Release|Any CPU
		{7B3042B7-CBB1-493F-884F-3DB34D8B3CAB}.Debug|Any CPU.ActiveCfg = Debug|Any CPU
		{7B3042B7-CBB1-493F-884F-3DB34D8B3CAB}.Debug|Any CPU.Build.0 = Debug|Any CPU
		{7B3042B7-CBB1-493F-884F-3DB34D8B3CAB}.Release|Any CPU.ActiveCfg = Release|Any CPU
		{7B3042B7-CBB1-493F-884F-3DB34D8B3CAB}.Release|Any CPU.Build.0 = Release|Any CPU
		{3DC11A0E-52F3-4EC8-89F5-DBC80BF8DD68}.Debug|Any CPU.ActiveCfg = Debug|Any CPU
		{3DC11A0E-52F3-4EC8-89F5-DBC80BF8DD68}.Debug|Any CPU.Build.0 = Debug|Any CPU
		{3DC11A0E-52F3-4EC8-89F5-DBC80BF8DD68}.Release|Any CPU.ActiveCfg = Release|Any CPU
		{3DC11A0E-52F3-4EC8-89F5-DBC80BF8DD68}.Release|Any CPU.Build.0 = Release|Any CPU
		{14E11E84-C6D7-44CB-99DA-9128D6D8884C}.Debug|Any CPU.ActiveCfg = Debug|Any CPU
		{14E11E84-C6D7-44CB-99DA-9128D6D8884C}.Debug|Any CPU.Build.0 = Debug|Any CPU
		{14E11E84-C6D7-44CB-99DA-9128D6D8884C}.Release|Any CPU.ActiveCfg = Release|Any CPU
		{14E11E84-C6D7-44CB-99DA-9128D6D8884C}.Release|Any CPU.Build.0 = Release|Any CPU
		{2C14AB00-B335-4F2A-A445-31231126A81B}.Debug|Any CPU.ActiveCfg = Debug|Any CPU
		{2C14AB00-B335-4F2A-A445-31231126A81B}.Debug|Any CPU.Build.0 = Debug|Any CPU
		{2C14AB00-B335-4F2A-A445-31231126A81B}.Release|Any CPU.ActiveCfg = Release|Any CPU
		{2C14AB00-B335-4F2A-A445-31231126A81B}.Release|Any CPU.Build.0 = Release|Any CPU
		{2DB85A13-7411-40FD-AAF3-1D2774255ADA}.Debug|Any CPU.ActiveCfg = Debug|Any CPU
		{2DB85A13-7411-40FD-AAF3-1D2774255ADA}.Debug|Any CPU.Build.0 = Debug|Any CPU
		{2DB85A13-7411-40FD-AAF3-1D2774255ADA}.Release|Any CPU.ActiveCfg = Release|Any CPU
		{2DB85A13-7411-40FD-AAF3-1D2774255ADA}.Release|Any CPU.Build.0 = Release|Any CPU
		{D1A30832-0115-4AD8-986D-5D72A298F514}.Debug|Any CPU.ActiveCfg = Debug|Any CPU
		{D1A30832-0115-4AD8-986D-5D72A298F514}.Debug|Any CPU.Build.0 = Debug|Any CPU
		{D1A30832-0115-4AD8-986D-5D72A298F514}.Release|Any CPU.ActiveCfg = Release|Any CPU
		{D1A30832-0115-4AD8-986D-5D72A298F514}.Release|Any CPU.Build.0 = Release|Any CPU
		{BD9D5B10-DB72-450D-8334-D0ABDFB5A1B6}.Debug|Any CPU.ActiveCfg = Debug|Any CPU
		{BD9D5B10-DB72-450D-8334-D0ABDFB5A1B6}.Debug|Any CPU.Build.0 = Debug|Any CPU
		{BD9D5B10-DB72-450D-8334-D0ABDFB5A1B6}.Release|Any CPU.ActiveCfg = Release|Any CPU
		{BD9D5B10-DB72-450D-8334-D0ABDFB5A1B6}.Release|Any CPU.Build.0 = Release|Any CPU
		{476990B9-C144-49CC-B5F2-F61DEBB9470B}.Debug|Any CPU.ActiveCfg = Debug|Any CPU
		{476990B9-C144-49CC-B5F2-F61DEBB9470B}.Debug|Any CPU.Build.0 = Debug|Any CPU
		{476990B9-C144-49CC-B5F2-F61DEBB9470B}.Release|Any CPU.ActiveCfg = Release|Any CPU
		{476990B9-C144-49CC-B5F2-F61DEBB9470B}.Release|Any CPU.Build.0 = Release|Any CPU
		{69EC47E5-F44E-4630-8D31-81189B21B98E}.Debug|Any CPU.ActiveCfg = Debug|Any CPU
		{69EC47E5-F44E-4630-8D31-81189B21B98E}.Debug|Any CPU.Build.0 = Debug|Any CPU
		{69EC47E5-F44E-4630-8D31-81189B21B98E}.Release|Any CPU.ActiveCfg = Release|Any CPU
		{69EC47E5-F44E-4630-8D31-81189B21B98E}.Release|Any CPU.Build.0 = Release|Any CPU
		{8C826297-6DA0-456C-9C66-CA6067EC8FFA}.Debug|Any CPU.ActiveCfg = Debug|Any CPU
		{8C826297-6DA0-456C-9C66-CA6067EC8FFA}.Debug|Any CPU.Build.0 = Debug|Any CPU
		{8C826297-6DA0-456C-9C66-CA6067EC8FFA}.Release|Any CPU.ActiveCfg = Release|Any CPU
		{8C826297-6DA0-456C-9C66-CA6067EC8FFA}.Release|Any CPU.Build.0 = Release|Any CPU
		{107DDE75-D993-46C5-B3A6-C7CA93BEAD42}.Debug|Any CPU.ActiveCfg = Debug|Any CPU
		{107DDE75-D993-46C5-B3A6-C7CA93BEAD42}.Debug|Any CPU.Build.0 = Debug|Any CPU
		{107DDE75-D993-46C5-B3A6-C7CA93BEAD42}.Release|Any CPU.ActiveCfg = Release|Any CPU
		{107DDE75-D993-46C5-B3A6-C7CA93BEAD42}.Release|Any CPU.Build.0 = Release|Any CPU
		{F850F58E-3D9D-4FD0-B559-A88D0DA9B336}.Debug|Any CPU.ActiveCfg = Debug|Any CPU
		{F850F58E-3D9D-4FD0-B559-A88D0DA9B336}.Debug|Any CPU.Build.0 = Debug|Any CPU
		{F850F58E-3D9D-4FD0-B559-A88D0DA9B336}.Release|Any CPU.ActiveCfg = Release|Any CPU
		{F850F58E-3D9D-4FD0-B559-A88D0DA9B336}.Release|Any CPU.Build.0 = Release|Any CPU
		{797FC998-8D82-411C-B0F9-6D869974F406}.Debug|Any CPU.ActiveCfg = Debug|Any CPU
		{797FC998-8D82-411C-B0F9-6D869974F406}.Debug|Any CPU.Build.0 = Debug|Any CPU
		{797FC998-8D82-411C-B0F9-6D869974F406}.Release|Any CPU.ActiveCfg = Release|Any CPU
		{797FC998-8D82-411C-B0F9-6D869974F406}.Release|Any CPU.Build.0 = Release|Any CPU
		{4D16BC9B-5593-4478-8B71-4C9B5947DFED}.Debug|Any CPU.ActiveCfg = Debug|Any CPU
		{4D16BC9B-5593-4478-8B71-4C9B5947DFED}.Debug|Any CPU.Build.0 = Debug|Any CPU
		{4D16BC9B-5593-4478-8B71-4C9B5947DFED}.Release|Any CPU.ActiveCfg = Release|Any CPU
		{4D16BC9B-5593-4478-8B71-4C9B5947DFED}.Release|Any CPU.Build.0 = Release|Any CPU
		{DDF43CBD-CFFB-4241-AE96-A414C9A45FDB}.Debug|Any CPU.ActiveCfg = Debug|Any CPU
		{DDF43CBD-CFFB-4241-AE96-A414C9A45FDB}.Debug|Any CPU.Build.0 = Debug|Any CPU
		{DDF43CBD-CFFB-4241-AE96-A414C9A45FDB}.Release|Any CPU.ActiveCfg = Release|Any CPU
		{DDF43CBD-CFFB-4241-AE96-A414C9A45FDB}.Release|Any CPU.Build.0 = Release|Any CPU
		{9F019E3D-10C2-4698-9D11-40A0AEB94FF4}.Debug|Any CPU.ActiveCfg = Debug|Any CPU
		{9F019E3D-10C2-4698-9D11-40A0AEB94FF4}.Debug|Any CPU.Build.0 = Debug|Any CPU
		{9F019E3D-10C2-4698-9D11-40A0AEB94FF4}.Release|Any CPU.ActiveCfg = Release|Any CPU
		{9F019E3D-10C2-4698-9D11-40A0AEB94FF4}.Release|Any CPU.Build.0 = Release|Any CPU
		{F871DD46-39B1-4775-8D6F-5CF6825B43F6}.Debug|Any CPU.ActiveCfg = Debug|Any CPU
		{F871DD46-39B1-4775-8D6F-5CF6825B43F6}.Debug|Any CPU.Build.0 = Debug|Any CPU
		{F871DD46-39B1-4775-8D6F-5CF6825B43F6}.Release|Any CPU.ActiveCfg = Release|Any CPU
		{F871DD46-39B1-4775-8D6F-5CF6825B43F6}.Release|Any CPU.Build.0 = Release|Any CPU
		{23C150EA-DC2B-4682-96D6-3C0807341C91}.Debug|Any CPU.ActiveCfg = Debug|Any CPU
		{23C150EA-DC2B-4682-96D6-3C0807341C91}.Debug|Any CPU.Build.0 = Debug|Any CPU
		{23C150EA-DC2B-4682-96D6-3C0807341C91}.Release|Any CPU.ActiveCfg = Release|Any CPU
		{23C150EA-DC2B-4682-96D6-3C0807341C91}.Release|Any CPU.Build.0 = Release|Any CPU
		{FE76BF35-AA2A-4D42-A6EC-E88E2FEDADFF}.Debug|Any CPU.ActiveCfg = Debug|Any CPU
		{FE76BF35-AA2A-4D42-A6EC-E88E2FEDADFF}.Debug|Any CPU.Build.0 = Debug|Any CPU
		{FE76BF35-AA2A-4D42-A6EC-E88E2FEDADFF}.Release|Any CPU.ActiveCfg = Release|Any CPU
		{FE76BF35-AA2A-4D42-A6EC-E88E2FEDADFF}.Release|Any CPU.Build.0 = Release|Any CPU
		{DFFF8D7F-23DD-485B-87B9-B6E8E5F20CFB}.Debug|Any CPU.ActiveCfg = Debug|Any CPU
		{DFFF8D7F-23DD-485B-87B9-B6E8E5F20CFB}.Debug|Any CPU.Build.0 = Debug|Any CPU
		{DFFF8D7F-23DD-485B-87B9-B6E8E5F20CFB}.Release|Any CPU.ActiveCfg = Release|Any CPU
		{DFFF8D7F-23DD-485B-87B9-B6E8E5F20CFB}.Release|Any CPU.Build.0 = Release|Any CPU
		{D5FA2EC4-6899-4CCB-8859-D36C972EC8F6}.Debug|Any CPU.ActiveCfg = Debug|Any CPU
		{D5FA2EC4-6899-4CCB-8859-D36C972EC8F6}.Debug|Any CPU.Build.0 = Debug|Any CPU
		{D5FA2EC4-6899-4CCB-8859-D36C972EC8F6}.Release|Any CPU.ActiveCfg = Release|Any CPU
		{D5FA2EC4-6899-4CCB-8859-D36C972EC8F6}.Release|Any CPU.Build.0 = Release|Any CPU
		{49EDEC46-7069-43A4-B260-B6E06C9AA60F}.Debug|Any CPU.ActiveCfg = Debug|Any CPU
		{49EDEC46-7069-43A4-B260-B6E06C9AA60F}.Debug|Any CPU.Build.0 = Debug|Any CPU
		{49EDEC46-7069-43A4-B260-B6E06C9AA60F}.Release|Any CPU.ActiveCfg = Release|Any CPU
		{49EDEC46-7069-43A4-B260-B6E06C9AA60F}.Release|Any CPU.Build.0 = Release|Any CPU
		{A2B64E9E-CA34-4B6A-9661-E192B6EAF7CA}.Debug|Any CPU.ActiveCfg = Debug|Any CPU
		{A2B64E9E-CA34-4B6A-9661-E192B6EAF7CA}.Debug|Any CPU.Build.0 = Debug|Any CPU
		{A2B64E9E-CA34-4B6A-9661-E192B6EAF7CA}.Release|Any CPU.ActiveCfg = Release|Any CPU
		{A2B64E9E-CA34-4B6A-9661-E192B6EAF7CA}.Release|Any CPU.Build.0 = Release|Any CPU
		{A7E2D14A-D8FD-454E-B3B1-D43B46C19D38}.Debug|Any CPU.ActiveCfg = Debug|Any CPU
		{A7E2D14A-D8FD-454E-B3B1-D43B46C19D38}.Debug|Any CPU.Build.0 = Debug|Any CPU
		{A7E2D14A-D8FD-454E-B3B1-D43B46C19D38}.Release|Any CPU.ActiveCfg = Release|Any CPU
		{A7E2D14A-D8FD-454E-B3B1-D43B46C19D38}.Release|Any CPU.Build.0 = Release|Any CPU
		{E8F56AF2-EB47-4FFA-BA82-80981053F201}.Debug|Any CPU.ActiveCfg = Debug|Any CPU
		{E8F56AF2-EB47-4FFA-BA82-80981053F201}.Debug|Any CPU.Build.0 = Debug|Any CPU
		{E8F56AF2-EB47-4FFA-BA82-80981053F201}.Release|Any CPU.ActiveCfg = Release|Any CPU
		{E8F56AF2-EB47-4FFA-BA82-80981053F201}.Release|Any CPU.Build.0 = Release|Any CPU
		{38BECC28-C1A7-49CD-8315-144DA842E50D}.Debug|Any CPU.ActiveCfg = Debug|Any CPU
		{38BECC28-C1A7-49CD-8315-144DA842E50D}.Debug|Any CPU.Build.0 = Debug|Any CPU
		{38BECC28-C1A7-49CD-8315-144DA842E50D}.Release|Any CPU.ActiveCfg = Release|Any CPU
		{38BECC28-C1A7-49CD-8315-144DA842E50D}.Release|Any CPU.Build.0 = Release|Any CPU
		{EFEBD06E-40B0-40AA-9A30-EBF9EE8C2EA0}.Debug|Any CPU.ActiveCfg = Debug|Any CPU
		{EFEBD06E-40B0-40AA-9A30-EBF9EE8C2EA0}.Debug|Any CPU.Build.0 = Debug|Any CPU
		{EFEBD06E-40B0-40AA-9A30-EBF9EE8C2EA0}.Release|Any CPU.ActiveCfg = Release|Any CPU
		{EFEBD06E-40B0-40AA-9A30-EBF9EE8C2EA0}.Release|Any CPU.Build.0 = Release|Any CPU
		{4C7A3553-E6BB-46FB-BFBC-76D0F5CAAE7A}.Debug|Any CPU.ActiveCfg = Debug|Any CPU
		{4C7A3553-E6BB-46FB-BFBC-76D0F5CAAE7A}.Release|Any CPU.ActiveCfg = Release|Any CPU
		{55E31108-49D3-49E2-935E-64FE8EEDA1A8}.Debug|Any CPU.ActiveCfg = Debug|Any CPU
		{55E31108-49D3-49E2-935E-64FE8EEDA1A8}.Debug|Any CPU.Build.0 = Debug|Any CPU
		{55E31108-49D3-49E2-935E-64FE8EEDA1A8}.Release|Any CPU.ActiveCfg = Release|Any CPU
		{55E31108-49D3-49E2-935E-64FE8EEDA1A8}.Release|Any CPU.Build.0 = Release|Any CPU
		{2EDA1CF4-600E-49D3-B8BC-E6488B0135E7}.Debug|Any CPU.ActiveCfg = Debug|Any CPU
		{2EDA1CF4-600E-49D3-B8BC-E6488B0135E7}.Debug|Any CPU.Build.0 = Debug|Any CPU
		{2EDA1CF4-600E-49D3-B8BC-E6488B0135E7}.Release|Any CPU.ActiveCfg = Release|Any CPU
		{2EDA1CF4-600E-49D3-B8BC-E6488B0135E7}.Release|Any CPU.Build.0 = Release|Any CPU
		{67BF1FE9-BFD8-4458-B1F8-13EC18923CA3}.Debug|Any CPU.ActiveCfg = Debug
		{67BF1FE9-BFD8-4458-B1F8-13EC18923CA3}.Release|Any CPU.ActiveCfg = Release
		{A8AECC34-0EB1-4914-8579-ACF7B24FC395}.Debug|Any CPU.ActiveCfg = Debug|Any CPU
		{A8AECC34-0EB1-4914-8579-ACF7B24FC395}.Debug|Any CPU.Build.0 = Debug|Any CPU
		{A8AECC34-0EB1-4914-8579-ACF7B24FC395}.Release|Any CPU.ActiveCfg = Release|Any CPU
		{A8AECC34-0EB1-4914-8579-ACF7B24FC395}.Release|Any CPU.Build.0 = Release|Any CPU
	EndGlobalSection
	GlobalSection(SolutionProperties) = preSolution
		HideSolutionNode = FALSE
	EndGlobalSection
	GlobalSection(NestedProjects) = preSolution
		{4E83759B-4F7F-4DC9-A44D-5F07B93331DF} = {E7F15A7C-80B8-42CD-8609-1FAB0657BC92}
		{7191C314-D333-41B0-86E5-DB7D251F84BB} = {E7F15A7C-80B8-42CD-8609-1FAB0657BC92}
		{78746592-084C-4DD4-B53A-414220933BA1} = {E7F15A7C-80B8-42CD-8609-1FAB0657BC92}
		{3666D332-7A9C-47A6-931A-4C6A57EB1B2D} = {E7F15A7C-80B8-42CD-8609-1FAB0657BC92}
		{CB353C04-4C0E-4A7C-97C6-6DB9C04842D4} = {E7F15A7C-80B8-42CD-8609-1FAB0657BC92}
		{B84FFF86-0F97-4845-B09C-4704C033C48A} = {A4E3380B-0B8B-4F0A-B158-E2F9F35AF89C}
		{A6786BB8-E92D-422C-94C7-CF64CA95C161} = {7191C314-D333-41B0-86E5-DB7D251F84BB}
		{3B01FC9F-106C-4B30-9765-209D68519514} = {7191C314-D333-41B0-86E5-DB7D251F84BB}
		{7B3042B7-CBB1-493F-884F-3DB34D8B3CAB} = {7191C314-D333-41B0-86E5-DB7D251F84BB}
		{3DC11A0E-52F3-4EC8-89F5-DBC80BF8DD68} = {7191C314-D333-41B0-86E5-DB7D251F84BB}
		{14E11E84-C6D7-44CB-99DA-9128D6D8884C} = {7191C314-D333-41B0-86E5-DB7D251F84BB}
		{2C14AB00-B335-4F2A-A445-31231126A81B} = {78746592-084C-4DD4-B53A-414220933BA1}
		{2DB85A13-7411-40FD-AAF3-1D2774255ADA} = {78746592-084C-4DD4-B53A-414220933BA1}
		{D1A30832-0115-4AD8-986D-5D72A298F514} = {78746592-084C-4DD4-B53A-414220933BA1}
		{BD9D5B10-DB72-450D-8334-D0ABDFB5A1B6} = {78746592-084C-4DD4-B53A-414220933BA1}
		{476990B9-C144-49CC-B5F2-F61DEBB9470B} = {78746592-084C-4DD4-B53A-414220933BA1}
		{69EC47E5-F44E-4630-8D31-81189B21B98E} = {4E83759B-4F7F-4DC9-A44D-5F07B93331DF}
		{8C826297-6DA0-456C-9C66-CA6067EC8FFA} = {4E83759B-4F7F-4DC9-A44D-5F07B93331DF}
		{107DDE75-D993-46C5-B3A6-C7CA93BEAD42} = {4E83759B-4F7F-4DC9-A44D-5F07B93331DF}
		{F850F58E-3D9D-4FD0-B559-A88D0DA9B336} = {4E83759B-4F7F-4DC9-A44D-5F07B93331DF}
		{797FC998-8D82-411C-B0F9-6D869974F406} = {4E83759B-4F7F-4DC9-A44D-5F07B93331DF}
		{4D16BC9B-5593-4478-8B71-4C9B5947DFED} = {4E83759B-4F7F-4DC9-A44D-5F07B93331DF}
		{DDF43CBD-CFFB-4241-AE96-A414C9A45FDB} = {4E83759B-4F7F-4DC9-A44D-5F07B93331DF}
		{9F019E3D-10C2-4698-9D11-40A0AEB94FF4} = {3666D332-7A9C-47A6-931A-4C6A57EB1B2D}
		{F871DD46-39B1-4775-8D6F-5CF6825B43F6} = {3666D332-7A9C-47A6-931A-4C6A57EB1B2D}
		{23C150EA-DC2B-4682-96D6-3C0807341C91} = {3666D332-7A9C-47A6-931A-4C6A57EB1B2D}
		{FE76BF35-AA2A-4D42-A6EC-E88E2FEDADFF} = {3666D332-7A9C-47A6-931A-4C6A57EB1B2D}
		{DFFF8D7F-23DD-485B-87B9-B6E8E5F20CFB} = {3666D332-7A9C-47A6-931A-4C6A57EB1B2D}
		{D5FA2EC4-6899-4CCB-8859-D36C972EC8F6} = {CB353C04-4C0E-4A7C-97C6-6DB9C04842D4}
		{49EDEC46-7069-43A4-B260-B6E06C9AA60F} = {CB353C04-4C0E-4A7C-97C6-6DB9C04842D4}
		{A2B64E9E-CA34-4B6A-9661-E192B6EAF7CA} = {CB353C04-4C0E-4A7C-97C6-6DB9C04842D4}
		{A7E2D14A-D8FD-454E-B3B1-D43B46C19D38} = {CB353C04-4C0E-4A7C-97C6-6DB9C04842D4}
		{E8F56AF2-EB47-4FFA-BA82-80981053F201} = {CB353C04-4C0E-4A7C-97C6-6DB9C04842D4}
		{38BECC28-C1A7-49CD-8315-144DA842E50D} = {CB353C04-4C0E-4A7C-97C6-6DB9C04842D4}
		{EFEBD06E-40B0-40AA-9A30-EBF9EE8C2EA0} = {CB353C04-4C0E-4A7C-97C6-6DB9C04842D4}
		{55E31108-49D3-49E2-935E-64FE8EEDA1A8} = {A4E3380B-0B8B-4F0A-B158-E2F9F35AF89C}
		{2EDA1CF4-600E-49D3-B8BC-E6488B0135E7} = {A4E3380B-0B8B-4F0A-B158-E2F9F35AF89C}
		{70047566-8A60-46F6-950F-079930F569B7} = {E835685C-5C46-482B-AB7B-C7EDEE82771E}
		{C23BCD47-D5B6-4FFF-8E9C-16CD2BB36E68} = {E835685C-5C46-482B-AB7B-C7EDEE82771E}
	EndGlobalSection
	GlobalSection(ExtensibilityGlobals) = postSolution
		SolutionGuid = {D0224A9F-09EE-4562-8513-B59A2B23A404}
	EndGlobalSection
EndGlobal
